
Microsoft Visual Studio Solution File, Format Version 12.00
# Visual Studio Version 17
VisualStudioVersion = 17.7.34018.315
MinimumVisualStudioVersion = 10.0.40219.1
Project("{9A19103F-16F7-4668-BE54-9A1E7A4F7556}") = "DbLayer", "..\DataCloud\DbLayer\DbLayer.csproj", "{DA683950-76A3-4A5E-9FCB-CE4738F36F2F}"
EndProject
Project("{9A19103F-16F7-4668-BE54-9A1E7A4F7556}") = "DataServer", "..\DataCloud\DataServer\DataServer.csproj", "{8CAF7019-2122-4BA0-8159-0B9CD5F33BAF}"
EndProject
Global
	GlobalSection(SolutionConfigurationPlatforms) = preSolution
		Debug|Any CPU = Debug|Any CPU
		Release|Any CPU = Release|Any CPU
	EndGlobalSection
	GlobalSection(ProjectConfigurationPlatforms) = postSolution
		{DA683950-76A3-4A5E-9FCB-CE4738F36F2F}.Debug|Any CPU.ActiveCfg = Debug|Any CPU
		{DA683950-76A3-4A5E-9FCB-CE4738F36F2F}.Debug|Any CPU.Build.0 = Debug|Any CPU
		{DA683950-76A3-4A5E-9FCB-CE4738F36F2F}.Release|Any CPU.ActiveCfg = Release|Any CPU
		{DA683950-76A3-4A5E-9FCB-CE4738F36F2F}.Release|Any CPU.Build.0 = Release|Any CPU
		{8CAF7019-2122-4BA0-8159-0B9CD5F33BAF}.Debug|Any CPU.ActiveCfg = Debug|Any CPU
		{8CAF7019-2122-4BA0-8159-0B9CD5F33BAF}.Debug|Any CPU.Build.0 = Debug|Any CPU
		{8CAF7019-2122-4BA0-8159-0B9CD5F33BAF}.Release|Any CPU.ActiveCfg = Release|Any CPU
		{8CAF7019-2122-4BA0-8159-0B9CD5F33BAF}.Release|Any CPU.Build.0 = Release|Any CPU
	EndGlobalSection
	GlobalSection(SolutionProperties) = preSolution
		HideSolutionNode = FALSE
	EndGlobalSection
	GlobalSection(ExtensibilityGlobals) = postSolution
		SolutionGuid = {CB94AD66-E7D7-4DEB-A127-D9BFB2AD6D5F}
	EndGlobalSection
EndGlobal
